
Microsoft Visual Studio Solution File, Format Version 11.00
# Visual C# Express 2010
Project("{FAE04EC0-301F-11D3-BF4B-00C04F79EFBC}") = "eOculus", "eOculus\eOculus.csproj", "{1E4C3102-7858-4E2F-AC77-12340D54BFC6}"
EndProject
Project("{FAE04EC0-301F-11D3-BF4B-00C04F79EFBC}") = "Tests", "Tests\Tests.csproj", "{093BE254-F6D8-4C60-BE1C-34B0B0DC081D}"
EndProject
Global
	GlobalSection(SolutionConfigurationPlatforms) = preSolution
		Debug|Any CPU = Debug|Any CPU
		Release|Any CPU = Release|Any CPU
	EndGlobalSection
	GlobalSection(ProjectConfigurationPlatforms) = postSolution
		{1E4C3102-7858-4E2F-AC77-12340D54BFC6}.Debug|Any CPU.ActiveCfg = Debug|Any CPU
		{1E4C3102-7858-4E2F-AC77-12340D54BFC6}.Debug|Any CPU.Build.0 = Debug|Any CPU
		{1E4C3102-7858-4E2F-AC77-12340D54BFC6}.Release|Any CPU.ActiveCfg = Release|Any CPU
		{1E4C3102-7858-4E2F-AC77-12340D54BFC6}.Release|Any CPU.Build.0 = Release|Any CPU
		{093BE254-F6D8-4C60-BE1C-34B0B0DC081D}.Debug|Any CPU.ActiveCfg = Debug|Any CPU
		{093BE254-F6D8-4C60-BE1C-34B0B0DC081D}.Debug|Any CPU.Build.0 = Debug|Any CPU
		{093BE254-F6D8-4C60-BE1C-34B0B0DC081D}.Release|Any CPU.ActiveCfg = Release|Any CPU
		{093BE254-F6D8-4C60-BE1C-34B0B0DC081D}.Release|Any CPU.Build.0 = Release|Any CPU
	EndGlobalSection
	GlobalSection(SolutionProperties) = preSolution
		HideSolutionNode = FALSE
	EndGlobalSection
EndGlobal
